
Microsoft Visual Studio Solution File, Format Version 12.00
# Visual Studio Version 17
VisualStudioVersion = 17.2.32516.85
MinimumVisualStudioVersion = 10.0.40219.1
Project("{9A19103F-16F7-4668-BE54-9A1E7A4F7556}") = "ngvs2022reviews", "ngvs2022reviews.csproj", "{68B835AF-227E-4E3D-9C93-B898BA67BCDB}"
EndProject
Project("{FAE04EC0-301F-11D3-BF4B-00C04F79EFBC}") = "ngvs2022reviews.data", "..\..\ngvs2022reviews.data\ngvs2022reviews.data.csproj", "{D3AD7E58-D5E2-4CD8-90C2-4047871775F1}"
EndProject
Global
	GlobalSection(SolutionConfigurationPlatforms) = preSolution
		Debug|Any CPU = Debug|Any CPU
		Release|Any CPU = Release|Any CPU
	EndGlobalSection
	GlobalSection(ProjectConfigurationPlatforms) = postSolution
		{68B835AF-227E-4E3D-9C93-B898BA67BCDB}.Debug|Any CPU.ActiveCfg = Debug|Any CPU
		{68B835AF-227E-4E3D-9C93-B898BA67BCDB}.Debug|Any CPU.Build.0 = Debug|Any CPU
		{68B835AF-227E-4E3D-9C93-B898BA67BCDB}.Release|Any CPU.ActiveCfg = Release|Any CPU
		{68B835AF-227E-4E3D-9C93-B898BA67BCDB}.Release|Any CPU.Build.0 = Release|Any CPU
		{D3AD7E58-D5E2-4CD8-90C2-4047871775F1}.Debug|Any CPU.ActiveCfg = Debug|Any CPU
		{D3AD7E58-D5E2-4CD8-90C2-4047871775F1}.Debug|Any CPU.Build.0 = Debug|Any CPU
		{D3AD7E58-D5E2-4CD8-90C2-4047871775F1}.Release|Any CPU.ActiveCfg = Release|Any CPU
		{D3AD7E58-D5E2-4CD8-90C2-4047871775F1}.Release|Any CPU.Build.0 = Release|Any CPU
	EndGlobalSection
	GlobalSection(SolutionProperties) = preSolution
		HideSolutionNode = FALSE
	EndGlobalSection
	GlobalSection(ExtensibilityGlobals) = postSolution
		SolutionGuid = {C5A78791-BAE7-4888-937E-0AFE64AB768E}
	EndGlobalSection
EndGlobal
