
Microsoft Visual Studio Solution File, Format Version 12.00
# Visual Studio Version 17
VisualStudioVersion = 17.2.32516.85
MinimumVisualStudioVersion = 10.0.40219.1
Project("{9A19103F-16F7-4668-BE54-9A1E7A4F7556}") = "ngvs2022reviews", "ngvs2022reviews\ngvs2022reviews\ngvs2022reviews.csproj", "{887FB19A-4656-409A-8A84-C5A0ED9292FE}"
EndProject
Project("{9A19103F-16F7-4668-BE54-9A1E7A4F7556}") = "ngvs2022reviews.data", "ngvs2022reviews.data\ngvs2022reviews.data.csproj", "{991AB6D7-21BB-4EC9-BAF8-92415812C143}"
EndProject
Project("{FAE04EC0-301F-11D3-BF4B-00C04F79EFBC}") = "nglatestreview.tests", "nglatestreview.tests\nglatestreview.tests.csproj", "{21908066-1CA8-4777-97F6-F1E00E407A7B}"
EndProject
Global
	GlobalSection(SolutionConfigurationPlatforms) = preSolution
		Debug|Any CPU = Debug|Any CPU
		Release|Any CPU = Release|Any CPU
	EndGlobalSection
	GlobalSection(ProjectConfigurationPlatforms) = postSolution
		{887FB19A-4656-409A-8A84-C5A0ED9292FE}.Debug|Any CPU.ActiveCfg = Debug|Any CPU
		{887FB19A-4656-409A-8A84-C5A0ED9292FE}.Debug|Any CPU.Build.0 = Debug|Any CPU
		{887FB19A-4656-409A-8A84-C5A0ED9292FE}.Release|Any CPU.ActiveCfg = Release|Any CPU
		{887FB19A-4656-409A-8A84-C5A0ED9292FE}.Release|Any CPU.Build.0 = Release|Any CPU
		{991AB6D7-21BB-4EC9-BAF8-92415812C143}.Debug|Any CPU.ActiveCfg = Debug|Any CPU
		{991AB6D7-21BB-4EC9-BAF8-92415812C143}.Debug|Any CPU.Build.0 = Debug|Any CPU
		{991AB6D7-21BB-4EC9-BAF8-92415812C143}.Release|Any CPU.ActiveCfg = Release|Any CPU
		{991AB6D7-21BB-4EC9-BAF8-92415812C143}.Release|Any CPU.Build.0 = Release|Any CPU
		{21908066-1CA8-4777-97F6-F1E00E407A7B}.Debug|Any CPU.ActiveCfg = Debug|Any CPU
		{21908066-1CA8-4777-97F6-F1E00E407A7B}.Debug|Any CPU.Build.0 = Debug|Any CPU
		{21908066-1CA8-4777-97F6-F1E00E407A7B}.Release|Any CPU.ActiveCfg = Release|Any CPU
		{21908066-1CA8-4777-97F6-F1E00E407A7B}.Release|Any CPU.Build.0 = Release|Any CPU
	EndGlobalSection
	GlobalSection(SolutionProperties) = preSolution
		HideSolutionNode = FALSE
	EndGlobalSection
	GlobalSection(ExtensibilityGlobals) = postSolution
		SolutionGuid = {A265EE83-33E5-41FC-9F3E-52FE6DB8A321}
	EndGlobalSection
EndGlobal
